
Microsoft Visual Studio Solution File, Format Version 12.00
Project("{FAE04EC0-301F-11D3-BF4B-00C04F79EFBC}") = "LoginStat", "LoginStat\LoginStat.csproj", "{BB1DBC82-DC0A-49EB-B05D-83589C6C4D56}"
EndProject
Global
	GlobalSection(SolutionConfigurationPlatforms) = preSolution
		Debug|Any CPU = Debug|Any CPU
		Release|Any CPU = Release|Any CPU
	EndGlobalSection
	GlobalSection(ProjectConfigurationPlatforms) = postSolution
		{BB1DBC82-DC0A-49EB-B05D-83589C6C4D56}.Debug|Any CPU.ActiveCfg = Debug|Any CPU
		{BB1DBC82-DC0A-49EB-B05D-83589C6C4D56}.Debug|Any CPU.Build.0 = Debug|Any CPU
		{BB1DBC82-DC0A-49EB-B05D-83589C6C4D56}.Release|Any CPU.ActiveCfg = Release|Any CPU
		{BB1DBC82-DC0A-49EB-B05D-83589C6C4D56}.Release|Any CPU.Build.0 = Release|Any CPU
	EndGlobalSection
EndGlobal
